# cms-platform lock — the platform release this site is pinned to.
# Bumped by the platform-bump workflow; Dependabot bumps the uses:@ pins
# and the theme gem in lockstep. See the platform's docs/SYNC.md.
platform_repo: Adam-S-Daniel/cms-platform
platform_ref: bf307bc030cd3c6d93707ea377bc7e521fc57dc7
